
Microsoft Visual Studio Solution File, Format Version 12.00
# Visual Studio Version 17
VisualStudioVersion = 17.5.002.0
MinimumVisualStudioVersion = 10.0.40219.1
Project("{9A19103F-16F7-4668-BE54-9A1E7A4F7556}") = "BlazorWindTodo", "BlazorWindTodo\BlazorWindTodo.csproj", "{1CE78901-6477-475A-8FA8-45BE0415FC31}"
EndProject
Global
	GlobalSection(SolutionConfigurationPlatforms) = preSolution
		Debug|Any CPU = Debug|Any CPU
		Release|Any CPU = Release|Any CPU
	EndGlobalSection
	GlobalSection(ProjectConfigurationPlatforms) = postSolution
		{1CE78901-6477-475A-8FA8-45BE0415FC31}.Debug|Any CPU.ActiveCfg = Debug|Any CPU
		{1CE78901-6477-475A-8FA8-45BE0415FC31}.Debug|Any CPU.Build.0 = Debug|Any CPU
		{1CE78901-6477-475A-8FA8-45BE0415FC31}.Release|Any CPU.ActiveCfg = Release|Any CPU
		{1CE78901-6477-475A-8FA8-45BE0415FC31}.Release|Any CPU.Build.0 = Release|Any CPU
	EndGlobalSection
	GlobalSection(SolutionProperties) = preSolution
		HideSolutionNode = FALSE
	EndGlobalSection
	GlobalSection(ExtensibilityGlobals) = postSolution
		SolutionGuid = {4AE8B82A-FA5D-4FB6-A573-ABAC4B36FC29}
	EndGlobalSection
EndGlobal
